
Microsoft Visual Studio Solution File, Format Version 12.00
# Visual Studio Version 17
VisualStudioVersion = 17.14.37012.4 d17.14
MinimumVisualStudioVersion = 10.0.40219.1
Project("{FAE04EC0-301F-11D3-BF4B-00C04F79EFBC}") = "First_Project", "First_Project\First_Project.csproj", "{B39506D4-92E3-4FA7-9DBF-7A108213D047}"
EndProject
Global
	GlobalSection(SolutionConfigurationPlatforms) = preSolution
		Debug|Any CPU = Debug|Any CPU
		Release|Any CPU = Release|Any CPU
	EndGlobalSection
	GlobalSection(ProjectConfigurationPlatforms) = postSolution
		{B39506D4-92E3-4FA7-9DBF-7A108213D047}.Debug|Any CPU.ActiveCfg = Debug|Any CPU
		{B39506D4-92E3-4FA7-9DBF-7A108213D047}.Debug|Any CPU.Build.0 = Debug|Any CPU
		{B39506D4-92E3-4FA7-9DBF-7A108213D047}.Release|Any CPU.ActiveCfg = Release|Any CPU
		{B39506D4-92E3-4FA7-9DBF-7A108213D047}.Release|Any CPU.Build.0 = Release|Any CPU
	EndGlobalSection
	GlobalSection(SolutionProperties) = preSolution
		HideSolutionNode = FALSE
	EndGlobalSection
	GlobalSection(ExtensibilityGlobals) = postSolution
		SolutionGuid = {F25BBF57-07DF-41E9-B29E-FF56B26A8E01}
	EndGlobalSection
EndGlobal
